
Microsoft Visual Studio Solution File, Format Version 12.00
# Visual Studio Version 17
VisualStudioVersion = 17.12.35527.113
MinimumVisualStudioVersion = 10.0.40219.1
Project("{FAE04EC0-301F-11D3-BF4B-00C04F79EFBC}") = "Factor", "Factor\Factor.csproj", "{8C51723E-6C28-47B0-A1D6-D7B12497F65D}"
EndProject
Project("{FAE04EC0-301F-11D3-BF4B-00C04F79EFBC}") = "Application", "Application\Application.csproj", "{91FBAAAF-33DC-4DCF-A9B7-BA1488FE113F}"
EndProject
Project("{FAE04EC0-301F-11D3-BF4B-00C04F79EFBC}") = "Infrastructure", "Infrastructure\Infrastructure.csproj", "{DD72824E-4152-421B-B143-2DF9E3C0EEE0}"
EndProject
Project("{FAE04EC0-301F-11D3-BF4B-00C04F79EFBC}") = "Common", "Common\Common.csproj", "{A26835FF-CA7F-4986-9289-FEA9D4CBEEC6}"
EndProject
Project("{FAE04EC0-301F-11D3-BF4B-00C04F79EFBC}") = "Entities", "Entities\Entities.csproj", "{5929FD71-3DFE-4A67-8624-8D6D2C449637}"
EndProject
Project("{FAE04EC0-301F-11D3-BF4B-00C04F79EFBC}") = "Services", "Services\Services.csproj", "{A0AC127F-E0A4-4A21-B696-7211071AD3AD}"
EndProject
Project("{FAE04EC0-301F-11D3-BF4B-00C04F79EFBC}") = "Data", "Data\Data.csproj", "{8B57F373-3B8C-4E71-A207-20CEE5BF61E6}"
EndProject
Global
	GlobalSection(SolutionConfigurationPlatforms) = preSolution
		Debug|Any CPU = Debug|Any CPU
		Release|Any CPU = Release|Any CPU
	EndGlobalSection
	GlobalSection(ProjectConfigurationPlatforms) = postSolution
		{8C51723E-6C28-47B0-A1D6-D7B12497F65D}.Debug|Any CPU.ActiveCfg = Debug|Any CPU
		{8C51723E-6C28-47B0-A1D6-D7B12497F65D}.Debug|Any CPU.Build.0 = Debug|Any CPU
		{8C51723E-6C28-47B0-A1D6-D7B12497F65D}.Release|Any CPU.ActiveCfg = Release|Any CPU
		{8C51723E-6C28-47B0-A1D6-D7B12497F65D}.Release|Any CPU.Build.0 = Release|Any CPU
		{91FBAAAF-33DC-4DCF-A9B7-BA1488FE113F}.Debug|Any CPU.ActiveCfg = Debug|Any CPU
		{91FBAAAF-33DC-4DCF-A9B7-BA1488FE113F}.Debug|Any CPU.Build.0 = Debug|Any CPU
		{91FBAAAF-33DC-4DCF-A9B7-BA1488FE113F}.Release|Any CPU.ActiveCfg = Release|Any CPU
		{91FBAAAF-33DC-4DCF-A9B7-BA1488FE113F}.Release|Any CPU.Build.0 = Release|Any CPU
		{DD72824E-4152-421B-B143-2DF9E3C0EEE0}.Debug|Any CPU.ActiveCfg = Debug|Any CPU
		{DD72824E-4152-421B-B143-2DF9E3C0EEE0}.Debug|Any CPU.Build.0 = Debug|Any CPU
		{DD72824E-4152-421B-B143-2DF9E3C0EEE0}.Release|Any CPU.ActiveCfg = Release|Any CPU
		{DD72824E-4152-421B-B143-2DF9E3C0EEE0}.Release|Any CPU.Build.0 = Release|Any CPU
		{A26835FF-CA7F-4986-9289-FEA9D4CBEEC6}.Debug|Any CPU.ActiveCfg = Debug|Any CPU
		{A26835FF-CA7F-4986-9289-FEA9D4CBEEC6}.Debug|Any CPU.Build.0 = Debug|Any CPU
		{A26835FF-CA7F-4986-9289-FEA9D4CBEEC6}.Release|Any CPU.ActiveCfg = Release|Any CPU
		{A26835FF-CA7F-4986-9289-FEA9D4CBEEC6}.Release|Any CPU.Build.0 = Release|Any CPU
		{5929FD71-3DFE-4A67-8624-8D6D2C449637}.Debug|Any CPU.ActiveCfg = Debug|Any CPU
		{5929FD71-3DFE-4A67-8624-8D6D2C449637}.Debug|Any CPU.Build.0 = Debug|Any CPU
		{5929FD71-3DFE-4A67-8624-8D6D2C449637}.Release|Any CPU.ActiveCfg = Release|Any CPU
		{5929FD71-3DFE-4A67-8624-8D6D2C449637}.Release|Any CPU.Build.0 = Release|Any CPU
		{A0AC127F-E0A4-4A21-B696-7211071AD3AD}.Debug|Any CPU.ActiveCfg = Debug|Any CPU
		{A0AC127F-E0A4-4A21-B696-7211071AD3AD}.Debug|Any CPU.Build.0 = Debug|Any CPU
		{A0AC127F-E0A4-4A21-B696-7211071AD3AD}.Release|Any CPU.ActiveCfg = Release|Any CPU
		{A0AC127F-E0A4-4A21-B696-7211071AD3AD}.Release|Any CPU.Build.0 = Release|Any CPU
		{8B57F373-3B8C-4E71-A207-20CEE5BF61E6}.Debug|Any CPU.ActiveCfg = Debug|Any CPU
		{8B57F373-3B8C-4E71-A207-20CEE5BF61E6}.Debug|Any CPU.Build.0 = Debug|Any CPU
		{8B57F373-3B8C-4E71-A207-20CEE5BF61E6}.Release|Any CPU.ActiveCfg = Release|Any CPU
		{8B57F373-3B8C-4E71-A207-20CEE5BF61E6}.Release|Any CPU.Build.0 = Release|Any CPU
	EndGlobalSection
	GlobalSection(SolutionProperties) = preSolution
		HideSolutionNode = FALSE
	EndGlobalSection
EndGlobal
